PODS:
  - CTMediator (18)
  - huhsxModulCategoryB (2):
    - CTMediator

DEPENDENCIES:
  - huhsxModulCategoryB (from `../`)

SPEC REPOS:
  https://github.com/cocoapods/specs.git:
    - CTMediator

EXTERNAL SOURCES:
  huhsxModulCategoryB:
    :path: "../"

SPEC CHECKSUMS:
  CTMediator: 420e9d90f9f1fd740caf2238ed7ed64dc621c5b7
  huhsxModulCategoryB: c97ab5dba44af06e667370a93e70a4fef3907df6

PODFILE CHECKSUM: 83aa7004a5952c1dbbf5c3ba02f337fc17b04c83

COCOAPODS: 1.6.1
