PODS:
  - CTMediator (18)
  - huhsxModulCategoryB (1):
    - CTMediator

DEPENDENCIES:
  - huhsxModulCategoryB (from `../`)

SPEC REPOS:
  https://github.com/CocoaPods/Specs.git:
    - CTMediator

EXTERNAL SOURCES:
  huhsxModulCategoryB:
    :path: "../"

SPEC CHECKSUMS:
  CTMediator: 420e9d90f9f1fd740caf2238ed7ed64dc621c5b7
  huhsxModulCategoryB: ad6f118e961a4a06f78421683d61c15adb43aab8

PODFILE CHECKSUM: 83aa7004a5952c1dbbf5c3ba02f337fc17b04c83

COCOAPODS: 1.5.0.beta.1
